
Microsoft Visual Studio Solution File, Format Version 12.00
# Visual Studio 14
VisualStudioVersion = 14.0.22823.1
MinimumVisualStudioVersion = 10.0.40219.1
Project("{FAE04EC0-301F-11D3-BF4B-00C04F79EFBC}") = "ConsoleApplication1", "ConsoleApplication1\ConsoleApplication1.csproj", "{68FF5E26-DC0A-4741-ADC1-BE9F0C35D223}"
EndProject
Project("{FAE04EC0-301F-11D3-BF4B-00C04F79EFBC}") = "DesignPatternLibrary", "DesignPatternLibrary\DesignPatternLibrary.csproj", "{C0ACB41A-DE8E-43DB-B876-AE8F8807A422}"
EndProject
Global
	GlobalSection(SolutionConfigurationPlatforms) = preSolution
		Debug|Any CPU = Debug|Any CPU
		Release|Any CPU = Release|Any CPU
	EndGlobalSection
	GlobalSection(ProjectConfigurationPlatforms) = postSolution
		{68FF5E26-DC0A-4741-ADC1-BE9F0C35D223}.Debug|Any CPU.ActiveCfg = Debug|Any CPU
		{68FF5E26-DC0A-4741-ADC1-BE9F0C35D223}.Debug|Any CPU.Build.0 = Debug|Any CPU
		{68FF5E26-DC0A-4741-ADC1-BE9F0C35D223}.Release|Any CPU.ActiveCfg = Release|Any CPU
		{68FF5E26-DC0A-4741-ADC1-BE9F0C35D223}.Release|Any CPU.Build.0 = Release|Any CPU
		{C0ACB41A-DE8E-43DB-B876-AE8F8807A422}.Debug|Any CPU.ActiveCfg = Debug|Any CPU
		{C0ACB41A-DE8E-43DB-B876-AE8F8807A422}.Debug|Any CPU.Build.0 = Debug|Any CPU
		{C0ACB41A-DE8E-43DB-B876-AE8F8807A422}.Release|Any CPU.ActiveCfg = Release|Any CPU
		{C0ACB41A-DE8E-43DB-B876-AE8F8807A422}.Release|Any CPU.Build.0 = Release|Any CPU
	EndGlobalSection
	GlobalSection(SolutionProperties) = preSolution
		HideSolutionNode = FALSE
	EndGlobalSection
EndGlobal
